// !$*UTF8*$!
{
	archiveVersion = 1;
	classes = {
	};
	objectVersion = 55;
	objects = {

/* Begin PBXBuildFile section */
		00BACBD5285A71E200EF8E1E /* AppDelegate.swift in Sources */ = {isa = PBXBuildFile; fileRef = 00BACBD4285A71E200EF8E1E /* AppDelegate.swift */; };
		00BACBD7285A71E200EF8E1E /* SceneDelegate.swift in Sources */ = {isa = PBXBuildFile; fileRef = 00BACBD6285A71E200EF8E1E /* SceneDelegate.swift */; };
		00BACBD9285A71E200EF8E1E /* ViewController.swift in Sources */ = {isa = PBXBuildFile; fileRef = 00BACBD8285A71E200EF8E1E /* ViewController.swift */; };
		00BACBDC285A71E200EF8E1E /* Main.storyboard in Resources */ = {isa = PBXBuildFile; fileRef = 00BACBDA285A71E200EF8E1E /* Main.storyboard */; };
		00BACBDE285A71E300EF8E1E /* Assets.xcassets in Resources */ = {isa = PBXBuildFile; fileRef = 00BACBDD285A71E300EF8E1E /* Assets.xcassets */; };
		00BACBE1285A71E300EF8E1E /* LaunchScreen.storyboard in Resources */ = {isa = PBXBuildFile; fileRef = 00BACBDF285A71E300EF8E1E /* LaunchScreen.storyboard */; };
		00F66946286F5EEF00C1B50E /* Restaurants.json in Resources */ = {isa = PBXBuildFile; fileRef = 00F66945286F5EEF00C1B50E /* Restaurants.json */; };
		00F66948286FA55A00C1B50E /* Restorants.json in Resources */ = {isa = PBXBuildFile; fileRef = 00F66947286FA55A00C1B50E /* Restorants.json */; };
		00F6694A286FAB4700C1B50E /* RestaurantesViewController.swift in Sources */ = {isa = PBXBuildFile; fileRef = 00F66949286FAB4700C1B50E /* RestaurantesViewController.swift */; };
		00F6694C286FADBE00C1B50E /* Restaurante.swift in Sources */ = {isa = PBXBuildFile; fileRef = 00F6694B286FADBE00C1B50E /* Restaurante.swift */; };
/* End PBXBuildFile section */

/* Begin PBXFileReference section */
		00BACBD1285A71E200EF8E1E /* Panka.app */ = {isa = PBXFileReference; explicitFileType = wrapper.application; includeInIndex = 0; path = Panka.app; sourceTree = BUILT_PRODUCTS_DIR; };
		00BACBD4285A71E200EF8E1E /* AppDelegate.swift */ = {isa = PBXFileReference; lastKnownFileType = sourcecode.swift; path = AppDelegate.swift; sourceTree = "<group>"; };
		00BACBD6285A71E200EF8E1E /* SceneDelegate.swift */ = {isa = PBXFileReference; lastKnownFileType = sourcecode.swift; path = SceneDelegate.swift; sourceTree = "<group>"; };
		00BACBD8285A71E200EF8E1E /* ViewController.swift */ = {isa = PBXFileReference; lastKnownFileType = sourcecode.swift; path = ViewController.swift; sourceTree = "<group>"; };
		00BACBDB285A71E200EF8E1E /* Base */ = {isa = PBXFileReference; lastKnownFileType = file.storyboard; name = Base; path = Base.lproj/Main.storyboard; sourceTree = "<group>"; };
		00BACBDD285A71E300EF8E1E /* Assets.xcassets */ = {isa = PBXFileReference; lastKnownFileType = folder.assetcatalog; path = Assets.xcassets; sourceTree = "<group>"; };
		00BACBE0285A71E300EF8E1E /* Base */ = {isa = PBXFileReference; lastKnownFileType = file.storyboard; name = Base; path = Base.lproj/LaunchScreen.storyboard; sourceTree = "<group>"; };
		00BACBE2285A71E300EF8E1E /* Info.plist */ = {isa = PBXFileReference; lastKnownFileType = text.plist.xml; path = Info.plist; sourceTree = "<group>"; };
		00F66945286F5EEF00C1B50E /* Restaurants.json */ = {isa = PBXFileReference; lastKnownFileType = text.json; path = Restaurants.json; sourceTree = "<group>"; };
		00F66947286FA55A00C1B50E /* Restorants.json */ = {isa = PBXFileReference; lastKnownFileType = text.json; path = Restorants.json; sourceTree = "<group>"; };
		00F66949286FAB4700C1B50E /* RestaurantesViewController.swift */ = {isa = PBXFileReference; lastKnownFileType = sourcecode.swift; path = RestaurantesViewController.swift; sourceTree = "<group>"; };
		00F6694B286FADBE00C1B50E /* Restaurante.swift */ = {isa = PBXFileReference; lastKnownFileType = sourcecode.swift; path = Restaurante.swift; sourceTree = "<group>"; };
/* End PBXFileReference section */

/* Begin PBXFrameworksBuildPhase section */
		00BACBCE285A71E200EF8E1E /* Frameworks */ = {
			isa = PBXFrameworksBuildPhase;
			buildActionMask = 2147483647;
			files = (
			);
			runOnlyForDeploymentPostprocessing = 0;
		};
/* End PBXFrameworksBuildPhase section */

/* Begin PBXGroup section */
		00BACBC8285A71E200EF8E1E = {
			isa = PBXGroup;
			children = (
				00BACBD3285A71E200EF8E1E /* Panka */,
				00BACBD2285A71E200EF8E1E /* Products */,
			);
			sourceTree = "<group>";
		};
		00BACBD2285A71E200EF8E1E /* Products */ = {
			isa = PBXGroup;
			children = (
				00BACBD1285A71E200EF8E1E /* Panka.app */,
			);
			name = Products;
			sourceTree = "<group>";
		};
		00BACBD3285A71E200EF8E1E /* Panka */ = {
			isa = PBXGroup;
			children = (
				00BACBD4285A71E200EF8E1E /* AppDelegate.swift */,
				00BACBD6285A71E200EF8E1E /* SceneDelegate.swift */,
				00F6694B286FADBE00C1B50E /* Restaurante.swift */,
				00BACBD8285A71E200EF8E1E /* ViewController.swift */,
				00F66949286FAB4700C1B50E /* RestaurantesViewController.swift */,
				00BACBDA285A71E200EF8E1E /* Main.storyboard */,
				00BACBDD285A71E300EF8E1E /* Assets.xcassets */,
				00BACBDF285A71E300EF8E1E /* LaunchScreen.storyboard */,
				00BACBE2285A71E300EF8E1E /* Info.plist */,
				00F66945286F5EEF00C1B50E /* Restaurants.json */,
				00F66947286FA55A00C1B50E /* Restorants.json */,
			);
			path = Panka;
			sourceTree = "<group>";
		};
/* End PBXGroup section */

/* Begin PBXNativeTarget section */
		00BACBD0285A71E200EF8E1E /* Panka */ = {
			isa = PBXNativeTarget;
			buildConfigurationList = 00BACBE5285A71E300EF8E1E /* Build configuration list for PBXNativeTarget "Panka" */;
			buildPhases = (
				00BACBCD285A71E200EF8E1E /* Sources */,
				00BACBCE285A71E200EF8E1E /* Frameworks */,
				00BACBCF285A71E200EF8E1E /* Resources */,
			);
			buildRules = (
			);
			dependencies = (
			);
			name = Panka;
			productName = Panka;
			productReference = 00BACBD1285A71E200EF8E1E /* Panka.app */;
			productType = "com.apple.product-type.application";
		};
/* End PBXNativeTarget section */

/* Begin PBXProject section */
		00BACBC9285A71E200EF8E1E /* Project object */ = {
			isa = PBXProject;
			attributes = {
				BuildIndependentTargetsInParallel = 1;
				LastSwiftUpdateCheck = 1320;
				LastUpgradeCheck = 1320;
				TargetAttributes = {
					00BACBD0285A71E200EF8E1E = {
						CreatedOnToolsVersion = 13.2.1;
					};
				};
			};
			buildConfigurationList = 00BACBCC285A71E200EF8E1E /* Build configuration list for PBXProject "Panka" */;
			compatibilityVersion = "Xcode 13.0";
			developmentRegion = en;
			hasScannedForEncodings = 0;
			knownRegions = (
				en,
				Base,
			);
			mainGroup = 00BACBC8285A71E200EF8E1E;
			productRefGroup = 00BACBD2285A71E200EF8E1E /* Products */;
			projectDirPath = "";
			projectRoot = "";
			targets = (
				00BACBD0285A71E200EF8E1E /* Panka */,
			);
		};
/* End PBXProject section */

/* Begin PBXResourcesBuildPhase section */
		00BACBCF285A71E200EF8E1E /* Resources */ = {
			isa = PBXResourcesBuildPhase;
			buildActionMask = 2147483647;
			files = (
				00F66946286F5EEF00C1B50E /* Restaurants.json in Resources */,
				00BACBE1285A71E300EF8E1E /* LaunchScreen.storyboard in Resources */,
				00F66948286FA55A00C1B50E /* Restorants.json in Resources */,
				00BACBDE285A71E300EF8E1E /* Assets.xcassets in Resources */,
				00BACBDC285A71E200EF8E1E /* Main.storyboard in Resources */,
			);
			runOnlyForDeploymentPostprocessing = 0;
		};
/* End PBXResourcesBuildPhase section */

/* Begin PBXSourcesBuildPhase section */
		00BACBCD285A71E200EF8E1E /* Sources */ = {
			isa = PBXSourcesBuildPhase;
			buildActionMask = 2147483647;
			files = (
				00F6694C286FADBE00C1B50E /* Restaurante.swift in Sources */,
				00BACBD9285A71E200EF8E1E /* ViewController.swift in Sources */,
				00BACBD5285A71E200EF8E1E /* AppDelegate.swift in Sources */,
				00F6694A286FAB4700C1B50E /* RestaurantesViewController.swift in Sources */,
				00BACBD7285A71E200EF8E1E /* SceneDelegate.swift in Sources */,
			);
			runOnlyForDeploymentPostprocessing = 0;
		};
/* End PBXSourcesBuildPhase section */

/* Begin PBXVariantGroup section */
		00BACBDA285A71E200EF8E1E /* Main.storyboard */ = {
			isa = PBXVariantGroup;
			children = (
				00BACBDB285A71E200EF8E1E /* Base */,
			);
			name = Main.storyboard;
			sourceTree = "<group>";
		};
		00BACBDF285A71E300EF8E1E /* LaunchScreen.storyboard */ = {
			isa = PBXVariantGroup;
			children = (
				00BACBE0285A71E300EF8E1E /* Base */,
			);
			name = LaunchScreen.storyboard;
			sourceTree = "<group>";
		};
/* End PBXVariantGroup section */

/* Begin XCBuildConfiguration section */
		00BACBE3285A71E300EF8E1E /* Debug */ = {
			isa = XCBuildConfiguration;
			buildSettings = {
				ALWAYS_SEARCH_USER_PATHS = NO;
				CLANG_ANALYZER_NONNULL = YES;
				CLANG_ANALYZER_NUMBER_OBJECT_CONVERSION = YES_AGGRESSIVE;
				CLANG_CXX_LANGUAGE_STANDARD = "gnu++17";
				CLANG_CXX_LIBRARY = "libc++";
				CLANG_ENABLE_MODULES = YES;
				CLANG_ENABLE_OBJC_ARC = YES;
				CLANG_ENABLE_OBJC_WEAK = YES;
				CLANG_WARN_BLOCK_CAPTURE_AUTORELEASING = YES;
				CLANG_WARN_BOOL_CONVERSION = YES;
				CLANG_WARN_COMMA = YES;
				CLANG_WARN_CONSTANT_CONVERSION = YES;
				CLANG_WARN_DEPRECATED_OBJC_IMPLEMENTATIONS = YES;
				CLANG_WARN_DIRECT_OBJC_ISA_USAGE = YES_ERROR;
				CLANG_WARN_DOCUMENTATION_COMMENTS = YES;
				CLANG_WARN_EMPTY_BODY = YES;
				CLANG_WARN_ENUM_CONVERSION = YES;
				CLANG_WARN_INFINITE_RECURSION = YES;
				CLANG_WARN_INT_CONVERSION = YES;
				CLANG_WARN_NON_LITERAL_NULL_CONVERSION = YES;
				CLANG_WARN_OBJC_IMPLICIT_RETAIN_SELF = YES;
				CLANG_WARN_OBJC_LITERAL_CONVERSION = YES;
				CLANG_WARN_OBJC_ROOT_CLASS = YES_ERROR;
				CLANG_WARN_QUOTED_INCLUDE_IN_FRAMEWORK_HEADER = YES;
				CLANG_WARN_RANGE_LOOP_ANALYSIS = YES;
				CLANG_WARN_STRICT_PROTOTYPES = YES;
				CLANG_WARN_SUSPICIOUS_MOVE = YES;
				CLANG_WARN_UNGUARDED_AVAILABILITY = YES_AGGRESSIVE;
				CLANG_WARN_UNREACHABLE_CODE = YES;
				CLANG_WARN__DUPLICATE_METHOD_MATCH = YES;
				COPY_PHASE_STRIP = NO;
				DEBUG_INFORMATION_FORMAT = dwarf;
				ENABLE_STRICT_OBJC_MSGSEND = YES;
				ENABLE_TESTABILITY = YES;
				GCC_C_LANGUAGE_STANDARD = gnu11;
				GCC_DYNAMIC_NO_PIC = NO;
				GCC_NO_COMMON_BLOCKS = YES;
				GCC_OPTIMIZATION_LEVEL = 0;
				GCC_PREPROCESSOR_DEFINITIONS = (
					"DEBUG=1",
					"$(inherited)",
				);
				GCC_WARN_64_TO_32_BIT_CONVERSION = YES;
				GCC_WARN_ABOUT_RETURN_TYPE = YES_ERROR;
				GCC_WARN_UNDECLARED_SELECTOR = YES;
				GCC_WARN_UNINITIALIZED_AUTOS = YES_AGGRESSIVE;
				GCC_WARN_UNUSED_FUNCTION = YES;
				GCC_WARN_UNUSED_VARIABLE = YES;
				IPHONEOS_DEPLOYMENT_TARGET = 15.2;
				MTL_ENABLE_DEBUG_INFO = INCLUDE_SOURCE;
				MTL_FAST_MATH = YES;
				ONLY_ACTIVE_ARCH = YES;
				SDKROOT = iphoneos;
				SWIFT_ACTIVE_COMPILATION_CONDITIONS = DEBUG;
				SWIFT_OPTIMIZATION_LEVEL = "-Onone";
			};
			name = Debug;
		};
		00BACBE4285A71E300EF8E1E /* Release */ = {
			isa = XCBuildConfiguration;
			buildSettings = {
				ALWAYS_SEARCH_USER_PATHS = NO;
				CLANG_ANALYZER_NONNULL = YES;
				CLANG_ANALYZER_NUMBER_OBJECT_CONVERSION = YES_AGGRESSIVE;
				CLANG_CXX_LANGUAGE_STANDARD = "gnu++17";
				CLANG_CXX_LIBRARY = "libc++";
				CLANG_ENABLE_MODULES = YES;
				CLANG_ENABLE_OBJC_ARC = YES;
				CLANG_ENABLE_OBJC_WEAK = YES;
				CLANG_WARN_BLOCK_CAPTURE_AUTORELEASING = YES;
				CLANG_WARN_BOOL_CONVERSION = YES;
				CLANG_WARN_COMMA = YES;
				CLANG_WARN_CONSTANT_CONVERSION = YES;
				CLANG_WARN_DEPRECATED_OBJC_IMPLEMENTATIONS = YES;
				CLANG_WARN_DIRECT_OBJC_ISA_USAGE = YES_ERROR;
				CLANG_WARN_DOCUMENTATION_COMMENTS = YES;
				CLANG_WARN_EMPTY_BODY = YES;
				CLANG_WARN_ENUM_CONVERSION = YES;
				CLANG_WARN_INFINITE_RECURSION = YES;
				CLANG_WARN_INT_CONVERSION = YES;
				CLANG_WARN_NON_LITERAL_NULL_CONVERSION = YES;
				CLANG_WARN_OBJC_IMPLICIT_RETAIN_SELF = YES;
				CLANG_WARN_OBJC_LITERAL_CONVERSION = YES;
				CLANG_WARN_OBJC_ROOT_CLASS = YES_ERROR;
				CLANG_WARN_QUOTED_INCLUDE_IN_FRAMEWORK_HEADER = YES;
				CLANG_WARN_RANGE_LOOP_ANALYSIS = YES;
				CLANG_WARN_STRICT_PROTOTYPES = YES;
				CLANG_WARN_SUSPICIOUS_MOVE = YES;
				CLANG_WARN_UNGUARDED_AVAILABILITY = YES_AGGRESSIVE;
				CLANG_WARN_UNREACHABLE_CODE = YES;
				CLANG_WARN__DUPLICATE_METHOD_MATCH = YES;
				COPY_PHASE_STRIP = NO;
				DEBUG_INFORMATION_FORMAT = "dwarf-with-dsym";
				ENABLE_NS_ASSERTIONS = NO;
				ENABLE_STRICT_OBJC_MSGSEND = YES;
				GCC_C_LANGUAGE_STANDARD = gnu11;
				GCC_NO_COMMON_BLOCKS = YES;
				GCC_WARN_64_TO_32_BIT_CONVERSION = YES;
				GCC_WARN_ABOUT_RETURN_TYPE = YES_ERROR;
				GCC_WARN_UNDECLARED_SELECTOR = YES;
				GCC_WARN_UNINITIALIZED_AUTOS = YES_AGGRESSIVE;
				GCC_WARN_UNUSED_FUNCTION = YES;
				GCC_WARN_UNUSED_VARIABLE = YES;
				IPHONEOS_DEPLOYMENT_TARGET = 15.2;
				MTL_ENABLE_DEBUG_INFO = NO;
				MTL_FAST_MATH = YES;
				SDKROOT = iphoneos;
				SWIFT_COMPILATION_MODE = wholemodule;
				SWIFT_OPTIMIZATION_LEVEL = "-O";
				VALIDATE_PRODUCT = YES;
			};
			name = Release;
		};
		00BACBE6285A71E300EF8E1E /* Debug */ = {
			isa = XCBuildConfiguration;
			buildSettings = {
				ASSETCATALOG_COMPILER_APPICON_NAME = AppIcon;
				ASSETCATALOG_COMPILER_GLOBAL_ACCENT_COLOR_NAME = AccentColor;
				CODE_SIGN_STYLE = Automatic;
				CURRENT_PROJECT_VERSION = 1;
				GENERATE_INFOPLIST_FILE = YES;
				INFOPLIST_FILE = Panka/Info.plist;
				INFOPLIST_KEY_UIApplicationSupportsIndirectInputEvents = YES;
				INFOPLIST_KEY_UILaunchStoryboardName = LaunchScreen;
				INFOPLIST_KEY_UIMainStoryboardFile = Main;
				INFOPLIST_KEY_UISupportedInterfaceOrientations_iPad = "UIInterfaceOrientationPortrait UIInterfaceOrientationPortraitUpsideDown UIInterfaceOrientationLandscapeLeft UIInterfaceOrientationLandscapeRight";
				INFOPLIST_KEY_UISupportedInterfaceOrientations_iPhone = "UIInterfaceOrientationPortrait UIInterfaceOrientationLandscapeLeft UIInterfaceOrientationLandscapeRight";
				LD_RUNPATH_SEARCH_PATHS = (
					"$(inherited)",
					"@executable_path/Frameworks",
				);
				MARKETING_VERSION = 1.0;
				PRODUCT_BUNDLE_IDENTIFIER = pe.rbenitea.Panka;
				PRODUCT_NAME = "$(TARGET_NAME)";
				SWIFT_EMIT_LOC_STRINGS = YES;
				SWIFT_VERSION = 5.0;
				TARGETED_DEVICE_FAMILY = "1,2";
			};
			name = Debug;
		};
		00BACBE7285A71E300EF8E1E /* Release */ = {
			isa = XCBuildConfiguration;
			buildSettings = {
				ASSETCATALOG_COMPILER_APPICON_NAME = AppIcon;
				ASSETCATALOG_COMPILER_GLOBAL_ACCENT_COLOR_NAME = AccentColor;
				CODE_SIGN_STYLE = Automatic;
				CURRENT_PROJECT_VERSION = 1;
				GENERATE_INFOPLIST_FILE = YES;
				INFOPLIST_FILE = Panka/Info.plist;
				INFOPLIST_KEY_UIApplicationSupportsIndirectInputEvents = YES;
				INFOPLIST_KEY_UILaunchStoryboardName = LaunchScreen;
				INFOPLIST_KEY_UIMainStoryboardFile = Main;
				INFOPLIST_KEY_UISupportedInterfaceOrientations_iPad = "UIInterfaceOrientationPortrait UIInterfaceOrientationPortraitUpsideDown UIInterfaceOrientationLandscapeLeft UIInterfaceOrientationLandscapeRight";
				INFOPLIST_KEY_UISupportedInterfaceOrientations_iPhone = "UIInterfaceOrientationPortrait UIInterfaceOrientationLandscapeLeft UIInterfaceOrientationLandscapeRight";
				LD_RUNPATH_SEARCH_PATHS = (
					"$(inherited)",
					"@executable_path/Frameworks",
				);
				MARKETING_VERSION = 1.0;
				PRODUCT_BUNDLE_IDENTIFIER = pe.rbenitea.Panka;
				PRODUCT_NAME = "$(TARGET_NAME)";
				SWIFT_EMIT_LOC_STRINGS = YES;
				SWIFT_VERSION = 5.0;
				TARGETED_DEVICE_FAMILY = "1,2";
			};
			name = Release;
		};
/* End XCBuildConfiguration section */

/* Begin XCConfigurationList section */
		00BACBCC285A71E200EF8E1E /* Build configuration list for PBXProject "Panka" */ = {
			isa = XCConfigurationList;
			buildConfigurations = (
				00BACBE3285A71E300EF8E1E /* Debug */,
				00BACBE4285A71E300EF8E1E /* Release */,
			);
			defaultConfigurationIsVisible = 0;
			defaultConfigurationName = Release;
		};
		00BACBE5285A71E300EF8E1E /* Build configuration list for PBXNativeTarget "Panka" */ = {
			isa = XCConfigurationList;
			buildConfigurations = (
				00BACBE6285A71E300EF8E1E /* Debug */,
				00BACBE7285A71E300EF8E1E /* Release */,
			);
			defaultConfigurationIsVisible = 0;
			defaultConfigurationName = Release;
		};
/* End XCConfigurationList section */
	};
	rootObject = 00BACBC9285A71E200EF8E1E /* Project object */;
}
